dependencies:
  fuzzy: 0.1.3
  prompts: 2.4.0
  yaml: 1.10.0
lockfileVersion: 5.2
packages:
  /fuzzy/0.1.3:
    dev: false
    engines:
      node: '>= 0.6.0'
    resolution:
      integrity: sha1-THbsL/CsGjap3M+aAN+GIweNTtg=
  /kleur/3.0.3:
    dev: false
    engines:
      node: '>=6'
    resolution:
      integrity: sha512-eTIzlVOSUR+JxdDFepEYcBMtZ9Qqdef+rnzWdRZuMbOywu5tO2w2N7rqjoANZ5k9vywhL6Br1VRjUIgTQx4E8w==
  /prompts/2.4.0:
    dependencies:
      kleur: 3.0.3
      sisteransi: 1.0.5
    dev: false
    engines:
      node: '>= 6'
    resolution:
      integrity: sha512-awZAKrk3vN6CroQukBL+R9051a4R3zCZBlJm/HBfrSZ8iTpYix3VX1vU4mveiLpiwmOJT4wokTF9m6HUk4KqWQ==
  /sisteransi/1.0.5:
    dev: false
    resolution:
      integrity: sha512-bLGGlR1QxBcynn2d5YmDX4MGjlZvy2MRBDRNHLJ8VI6l6+9FUiyTFNJ0IveOSP0bcXgVDPRcfGqA0pjaqUpfVg==
  /yaml/1.10.0:
    dev: false
    engines:
      node: '>= 6'
    resolution:
      integrity: sha512-yr2icI4glYaNG+KWONODapy2/jDdMSDnrONSjblABjD9B4Z5LgiircSt8m8sRZFNi08kG9Sm0uSHtEmP3zaEGg==
specifiers:
  fuzzy: ^0.1.3
  prompts: ^2.4.0
  yaml: ^1.10.0
